// !$*UTF8*$!
{
	archiveVersion = 1;
	classes = {
	};
	objectVersion = 50;
	objects = {

/* Begin PBXBuildFile section */
		4D167C1221367610006A8544 /* AppDelegate.m in Sources */ = {isa = PBXBuildFile; fileRef = 4D167C1121367610006A8544 /* AppDelegate.m */; };
		4D167C1521367610006A8544 /* ViewController.m in Sources */ = {isa = PBXBuildFile; fileRef = 4D167C1421367610006A8544 /* ViewController.m */; };
		4D167C1821367610006A8544 /* Main.storyboard in Resources */ = {isa = PBXBuildFile; fileRef = 4D167C1621367610006A8544 /* Main.storyboard */; };
		4D167C1A21367611006A8544 /* Assets.xcassets in Resources */ = {isa = PBXBuildFile; fileRef = 4D167C1921367611006A8544 /* Assets.xcassets */; };
		4D167C1D21367611006A8544 /* LaunchScreen.storyboard in Resources */ = {isa = PBXBuildFile; fileRef = 4D167C1B21367611006A8544 /* LaunchScreen.storyboard */; };
		4D167C2021367611006A8544 /* main.m in Sources */ = {isa = PBXBuildFile; fileRef = 4D167C1F21367611006A8544 /* main.m */; };
		4D167C2E2136762D006A8544 /* UIImage+LCImage.m in Sources */ = {isa = PBXBuildFile; fileRef = 4D167C2C2136762D006A8544 /* UIImage+LCImage.m */; };
		4D167C33213679CF006A8544 /* GGSlotMachine.m in Sources */ = {isa = PBXBuildFile; fileRef = 4D167C31213679CF006A8544 /* GGSlotMachine.m */; };
		4D167C34213679CF006A8544 /* GGSlotMachineSuperView.m in Sources */ = {isa = PBXBuildFile; fileRef = 4D167C32213679CF006A8544 /* GGSlotMachineSuperView.m */; };
		4D167C3821368141006A8544 /* TestViewController.m in Sources */ = {isa = PBXBuildFile; fileRef = 4D167C3721368141006A8544 /* TestViewController.m */; };
/* End PBXBuildFile section */

/* Begin PBXFileReference section */
		4D167C0D21367610006A8544 /* GGSlotMachine.app */ = {isa = PBXFileReference; explicitFileType = wrapper.application; includeInIndex = 0; path = GGSlotMachine.app; sourceTree = BUILT_PRODUCTS_DIR; };
		4D167C1021367610006A8544 /* AppDelegate.h */ = {isa = PBXFileReference; lastKnownFileType = sourcecode.c.h; path = AppDelegate.h; sourceTree = "<group>"; };
		4D167C1121367610006A8544 /* AppDelegate.m */ = {isa = PBXFileReference; lastKnownFileType = sourcecode.c.objc; path = AppDelegate.m; sourceTree = "<group>"; };
		4D167C1321367610006A8544 /* ViewController.h */ = {isa = PBXFileReference; lastKnownFileType = sourcecode.c.h; path = ViewController.h; sourceTree = "<group>"; };
		4D167C1421367610006A8544 /* ViewController.m */ = {isa = PBXFileReference; lastKnownFileType = sourcecode.c.objc; path = ViewController.m; sourceTree = "<group>"; };
		4D167C1721367610006A8544 /* Base */ = {isa = PBXFileReference; lastKnownFileType = file.storyboard; name = Base; path = Base.lproj/Main.storyboard; sourceTree = "<group>"; };
		4D167C1921367611006A8544 /* Assets.xcassets */ = {isa = PBXFileReference; lastKnownFileType = folder.assetcatalog; path = Assets.xcassets; sourceTree = "<group>"; };
		4D167C1C21367611006A8544 /* Base */ = {isa = PBXFileReference; lastKnownFileType = file.storyboard; name = Base; path = Base.lproj/LaunchScreen.storyboard; sourceTree = "<group>"; };
		4D167C1E21367611006A8544 /* Info.plist */ = {isa = PBXFileReference; lastKnownFileType = text.plist.xml; path = Info.plist; sourceTree = "<group>"; };
		4D167C1F21367611006A8544 /* main.m */ = {isa = PBXFileReference; lastKnownFileType = sourcecode.c.objc; path = main.m; sourceTree = "<group>"; };
		4D167C2C2136762D006A8544 /* UIImage+LCImage.m */ = {isa = PBXFileReference; fileEncoding = 4; lastKnownFileType = sourcecode.c.objc; path = "UIImage+LCImage.m"; sourceTree = "<group>"; };
		4D167C2D2136762D006A8544 /* UIImage+LCImage.h */ = {isa = PBXFileReference; fileEncoding = 4; lastKnownFileType = sourcecode.c.h; path = "UIImage+LCImage.h"; sourceTree = "<group>"; };
		4D167C2F213679CE006A8544 /* GGSlotMachineSuperView.h */ = {isa = PBXFileReference; fileEncoding = 4; lastKnownFileType = sourcecode.c.h; path = GGSlotMachineSuperView.h; sourceTree = "<group>"; };
		4D167C30213679CF006A8544 /* GGSlotMachine.h */ = {isa = PBXFileReference; fileEncoding = 4; lastKnownFileType = sourcecode.c.h; path = GGSlotMachine.h; sourceTree = "<group>"; };
		4D167C31213679CF006A8544 /* GGSlotMachine.m */ = {isa = PBXFileReference; fileEncoding = 4; lastKnownFileType = sourcecode.c.objc; path = GGSlotMachine.m; sourceTree = "<group>"; };
		4D167C32213679CF006A8544 /* GGSlotMachineSuperView.m */ = {isa = PBXFileReference; fileEncoding = 4; lastKnownFileType = sourcecode.c.objc; path = GGSlotMachineSuperView.m; sourceTree = "<group>"; };
		4D167C3621368141006A8544 /* TestViewController.h */ = {isa = PBXFileReference; lastKnownFileType = sourcecode.c.h; path = TestViewController.h; sourceTree = "<group>"; };
		4D167C3721368141006A8544 /* TestViewController.m */ = {isa = PBXFileReference; lastKnownFileType = sourcecode.c.objc; path = TestViewController.m; sourceTree = "<group>"; };
/* End PBXFileReference section */

/* Begin PBXFrameworksBuildPhase section */
		4D167C0A21367610006A8544 /* Frameworks */ = {
			isa = PBXFrameworksBuildPhase;
			buildActionMask = 2147483647;
			files = (
			);
			runOnlyForDeploymentPostprocessing = 0;
		};
/* End PBXFrameworksBuildPhase section */

/* Begin PBXGroup section */
		4D167C0421367610006A8544 = {
			isa = PBXGroup;
			children = (
				4D167C0F21367610006A8544 /* GGSlotMachine */,
				4D167C0E21367610006A8544 /* Products */,
			);
			sourceTree = "<group>";
		};
		4D167C0E21367610006A8544 /* Products */ = {
			isa = PBXGroup;
			children = (
				4D167C0D21367610006A8544 /* GGSlotMachine.app */,
			);
			name = Products;
			sourceTree = "<group>";
		};
		4D167C0F21367610006A8544 /* GGSlotMachine */ = {
			isa = PBXGroup;
			children = (
				4D167C3521368115006A8544 /* Tool */,
				4D167C1021367610006A8544 /* AppDelegate.h */,
				4D167C1121367610006A8544 /* AppDelegate.m */,
				4D167C1321367610006A8544 /* ViewController.h */,
				4D167C1421367610006A8544 /* ViewController.m */,
				4D167C3621368141006A8544 /* TestViewController.h */,
				4D167C3721368141006A8544 /* TestViewController.m */,
				4D167C1621367610006A8544 /* Main.storyboard */,
				4D167C1921367611006A8544 /* Assets.xcassets */,
				4D167C1B21367611006A8544 /* LaunchScreen.storyboard */,
				4D167C1E21367611006A8544 /* Info.plist */,
				4D167C1F21367611006A8544 /* main.m */,
			);
			path = GGSlotMachine;
			sourceTree = "<group>";
		};
		4D167C3521368115006A8544 /* Tool */ = {
			isa = PBXGroup;
			children = (
				4D167C2D2136762D006A8544 /* UIImage+LCImage.h */,
				4D167C2C2136762D006A8544 /* UIImage+LCImage.m */,
				4D167C30213679CF006A8544 /* GGSlotMachine.h */,
				4D167C31213679CF006A8544 /* GGSlotMachine.m */,
				4D167C2F213679CE006A8544 /* GGSlotMachineSuperView.h */,
				4D167C32213679CF006A8544 /* GGSlotMachineSuperView.m */,
			);
			path = Tool;
			sourceTree = "<group>";
		};
/* End PBXGroup section */

/* Begin PBXNativeTarget section */
		4D167C0C21367610006A8544 /* GGSlotMachine */ = {
			isa = PBXNativeTarget;
			buildConfigurationList = 4D167C2321367611006A8544 /* Build configuration list for PBXNativeTarget "GGSlotMachine" */;
			buildPhases = (
				4D167C0921367610006A8544 /* Sources */,
				4D167C0A21367610006A8544 /* Frameworks */,
				4D167C0B21367610006A8544 /* Resources */,
			);
			buildRules = (
			);
			dependencies = (
			);
			name = GGSlotMachine;
			productName = GGSlotMachine;
			productReference = 4D167C0D21367610006A8544 /* GGSlotMachine.app */;
			productType = "com.apple.product-type.application";
		};
/* End PBXNativeTarget section */

/* Begin PBXProject section */
		4D167C0521367610006A8544 /* Project object */ = {
			isa = PBXProject;
			attributes = {
				LastUpgradeCheck = 0940;
				ORGANIZATIONNAME = Mr.Gao;
				TargetAttributes = {
					4D167C0C21367610006A8544 = {
						CreatedOnToolsVersion = 9.4.1;
					};
				};
			};
			buildConfigurationList = 4D167C0821367610006A8544 /* Build configuration list for PBXProject "GGSlotMachine" */;
			compatibilityVersion = "Xcode 9.3";
			developmentRegion = en;
			hasScannedForEncodings = 0;
			knownRegions = (
				en,
				Base,
			);
			mainGroup = 4D167C0421367610006A8544;
			productRefGroup = 4D167C0E21367610006A8544 /* Products */;
			projectDirPath = "";
			projectRoot = "";
			targets = (
				4D167C0C21367610006A8544 /* GGSlotMachine */,
			);
		};
/* End PBXProject section */

/* Begin PBXResourcesBuildPhase section */
		4D167C0B21367610006A8544 /* Resources */ = {
			isa = PBXResourcesBuildPhase;
			buildActionMask = 2147483647;
			files = (
				4D167C1D21367611006A8544 /* LaunchScreen.storyboard in Resources */,
				4D167C1A21367611006A8544 /* Assets.xcassets in Resources */,
				4D167C1821367610006A8544 /* Main.storyboard in Resources */,
			);
			runOnlyForDeploymentPostprocessing = 0;
		};
/* End PBXResourcesBuildPhase section */

/* Begin PBXSourcesBuildPhase section */
		4D167C0921367610006A8544 /* Sources */ = {
			isa = PBXSourcesBuildPhase;
			buildActionMask = 2147483647;
			files = (
				4D167C2E2136762D006A8544 /* UIImage+LCImage.m in Sources */,
				4D167C1521367610006A8544 /* ViewController.m in Sources */,
				4D167C3821368141006A8544 /* TestViewController.m in Sources */,
				4D167C2021367611006A8544 /* main.m in Sources */,
				4D167C33213679CF006A8544 /* GGSlotMachine.m in Sources */,
				4D167C1221367610006A8544 /* AppDelegate.m in Sources */,
				4D167C34213679CF006A8544 /* GGSlotMachineSuperView.m in Sources */,
			);
			runOnlyForDeploymentPostprocessing = 0;
		};
/* End PBXSourcesBuildPhase section */

/* Begin PBXVariantGroup section */
		4D167C1621367610006A8544 /* Main.storyboard */ = {
			isa = PBXVariantGroup;
			children = (
				4D167C1721367610006A8544 /* Base */,
			);
			name = Main.storyboard;
			sourceTree = "<group>";
		};
		4D167C1B21367611006A8544 /* LaunchScreen.storyboard */ = {
			isa = PBXVariantGroup;
			children = (
				4D167C1C21367611006A8544 /* Base */,
			);
			name = LaunchScreen.storyboard;
			sourceTree = "<group>";
		};
/* End PBXVariantGroup section */

/* Begin XCBuildConfiguration section */
		4D167C2121367611006A8544 /* Debug */ = {
			isa = XCBuildConfiguration;
			buildSettings = {
				ALWAYS_SEARCH_USER_PATHS = NO;
				CLANG_ANALYZER_NONNULL = YES;
				CLANG_ANALYZER_NUMBER_OBJECT_CONVERSION = YES_AGGRESSIVE;
				CLANG_CXX_LANGUAGE_STANDARD = "gnu++14";
				CLANG_CXX_LIBRARY = "libc++";
				CLANG_ENABLE_MODULES = YES;
				CLANG_ENABLE_OBJC_ARC = YES;
				CLANG_ENABLE_OBJC_WEAK = YES;
				CLANG_WARN_BLOCK_CAPTURE_AUTORELEASING = YES;
				CLANG_WARN_BOOL_CONVERSION = YES;
				CLANG_WARN_COMMA = YES;
				CLANG_WARN_CONSTANT_CONVERSION = YES;
				CLANG_WARN_DEPRECATED_OBJC_IMPLEMENTATIONS = YES;
				CLANG_WARN_DIRECT_OBJC_ISA_USAGE = YES_ERROR;
				CLANG_WARN_DOCUMENTATION_COMMENTS = YES;
				CLANG_WARN_EMPTY_BODY = YES;
				CLANG_WARN_ENUM_CONVERSION = YES;
				CLANG_WARN_INFINITE_RECURSION = YES;
				CLANG_WARN_INT_CONVERSION = YES;
				CLANG_WARN_NON_LITERAL_NULL_CONVERSION = YES;
				CLANG_WARN_OBJC_IMPLICIT_RETAIN_SELF = YES;
				CLANG_WARN_OBJC_LITERAL_CONVERSION = YES;
				CLANG_WARN_OBJC_ROOT_CLASS = YES_ERROR;
				CLANG_WARN_RANGE_LOOP_ANALYSIS = YES;
				CLANG_WARN_STRICT_PROTOTYPES = YES;
				CLANG_WARN_SUSPICIOUS_MOVE = YES;
				CLANG_WARN_UNGUARDED_AVAILABILITY = YES_AGGRESSIVE;
				CLANG_WARN_UNREACHABLE_CODE = YES;
				CLANG_WARN__DUPLICATE_METHOD_MATCH = YES;
				CODE_SIGN_IDENTITY = "iPhone Developer";
				COPY_PHASE_STRIP = NO;
				DEBUG_INFORMATION_FORMAT = dwarf;
				ENABLE_STRICT_OBJC_MSGSEND = YES;
				ENABLE_TESTABILITY = YES;
				GCC_C_LANGUAGE_STANDARD = gnu11;
				GCC_DYNAMIC_NO_PIC = NO;
				GCC_NO_COMMON_BLOCKS = YES;
				GCC_OPTIMIZATION_LEVEL = 0;
				GCC_PREPROCESSOR_DEFINITIONS = (
					"DEBUG=1",
					"$(inherited)",
				);
				GCC_WARN_64_TO_32_BIT_CONVERSION = YES;
				GCC_WARN_ABOUT_RETURN_TYPE = YES_ERROR;
				GCC_WARN_UNDECLARED_SELECTOR = YES;
				GCC_WARN_UNINITIALIZED_AUTOS = YES_AGGRESSIVE;
				GCC_WARN_UNUSED_FUNCTION = YES;
				GCC_WARN_UNUSED_VARIABLE = YES;
				IPHONEOS_DEPLOYMENT_TARGET = 11.4;
				MTL_ENABLE_DEBUG_INFO = YES;
				ONLY_ACTIVE_ARCH = YES;
				SDKROOT = iphoneos;
			};
			name = Debug;
		};
		4D167C2221367611006A8544 /* Release */ = {
			isa = XCBuildConfiguration;
			buildSettings = {
				ALWAYS_SEARCH_USER_PATHS = NO;
				CLANG_ANALYZER_NONNULL = YES;
				CLANG_ANALYZER_NUMBER_OBJECT_CONVERSION = YES_AGGRESSIVE;
				CLANG_CXX_LANGUAGE_STANDARD = "gnu++14";
				CLANG_CXX_LIBRARY = "libc++";
				CLANG_ENABLE_MODULES = YES;
				CLANG_ENABLE_OBJC_ARC = YES;
				CLANG_ENABLE_OBJC_WEAK = YES;
				CLANG_WARN_BLOCK_CAPTURE_AUTORELEASING = YES;
				CLANG_WARN_BOOL_CONVERSION = YES;
				CLANG_WARN_COMMA = YES;
				CLANG_WARN_CONSTANT_CONVERSION = YES;
				CLANG_WARN_DEPRECATED_OBJC_IMPLEMENTATIONS = YES;
				CLANG_WARN_DIRECT_OBJC_ISA_USAGE = YES_ERROR;
				CLANG_WARN_DOCUMENTATION_COMMENTS = YES;
				CLANG_WARN_EMPTY_BODY = YES;
				CLANG_WARN_ENUM_CONVERSION = YES;
				CLANG_WARN_INFINITE_RECURSION = YES;
				CLANG_WARN_INT_CONVERSION = YES;
				CLANG_WARN_NON_LITERAL_NULL_CONVERSION = YES;
				CLANG_WARN_OBJC_IMPLICIT_RETAIN_SELF = YES;
				CLANG_WARN_OBJC_LITERAL_CONVERSION = YES;
				CLANG_WARN_OBJC_ROOT_CLASS = YES_ERROR;
				CLANG_WARN_RANGE_LOOP_ANALYSIS = YES;
				CLANG_WARN_STRICT_PROTOTYPES = YES;
				CLANG_WARN_SUSPICIOUS_MOVE = YES;
				CLANG_WARN_UNGUARDED_AVAILABILITY = YES_AGGRESSIVE;
				CLANG_WARN_UNREACHABLE_CODE = YES;
				CLANG_WARN__DUPLICATE_METHOD_MATCH = YES;
				CODE_SIGN_IDENTITY = "iPhone Developer";
				COPY_PHASE_STRIP = NO;
				DEBUG_INFORMATION_FORMAT = "dwarf-with-dsym";
				ENABLE_NS_ASSERTIONS = NO;
				ENABLE_STRICT_OBJC_MSGSEND = YES;
				GCC_C_LANGUAGE_STANDARD = gnu11;
				GCC_NO_COMMON_BLOCKS = YES;
				GCC_WARN_64_TO_32_BIT_CONVERSION = YES;
				GCC_WARN_ABOUT_RETURN_TYPE = YES_ERROR;
				GCC_WARN_UNDECLARED_SELECTOR = YES;
				GCC_WARN_UNINITIALIZED_AUTOS = YES_AGGRESSIVE;
				GCC_WARN_UNUSED_FUNCTION = YES;
				GCC_WARN_UNUSED_VARIABLE = YES;
				IPHONEOS_DEPLOYMENT_TARGET = 11.4;
				MTL_ENABLE_DEBUG_INFO = NO;
				SDKROOT = iphoneos;
				VALIDATE_PRODUCT = YES;
			};
			name = Release;
		};
		4D167C2421367611006A8544 /* Debug */ = {
			isa = XCBuildConfiguration;
			buildSettings = {
				ASSETCATALOG_COMPILER_APPICON_NAME = AppIcon;
				CODE_SIGN_STYLE = Automatic;
				DEVELOPMENT_TEAM = JZ3VLLKWD9;
				INFOPLIST_FILE = GGSlotMachine/Info.plist;
				LD_RUNPATH_SEARCH_PATHS = (
					"$(inherited)",
					"@executable_path/Frameworks",
				);
				PRODUCT_BUNDLE_IDENTIFIER = com.gaoguang.www.GGSlotMachine;
				PRODUCT_NAME = "$(TARGET_NAME)";
				TARGETED_DEVICE_FAMILY = "1,2";
			};
			name = Debug;
		};
		4D167C2521367611006A8544 /* Release */ = {
			isa = XCBuildConfiguration;
			buildSettings = {
				ASSETCATALOG_COMPILER_APPICON_NAME = AppIcon;
				CODE_SIGN_STYLE = Automatic;
				DEVELOPMENT_TEAM = JZ3VLLKWD9;
				INFOPLIST_FILE = GGSlotMachine/Info.plist;
				LD_RUNPATH_SEARCH_PATHS = (
					"$(inherited)",
					"@executable_path/Frameworks",
				);
				PRODUCT_BUNDLE_IDENTIFIER = com.gaoguang.www.GGSlotMachine;
				PRODUCT_NAME = "$(TARGET_NAME)";
				TARGETED_DEVICE_FAMILY = "1,2";
			};
			name = Release;
		};
/* End XCBuildConfiguration section */

/* Begin XCConfigurationList section */
		4D167C0821367610006A8544 /* Build configuration list for PBXProject "GGSlotMachine" */ = {
			isa = XCConfigurationList;
			buildConfigurations = (
				4D167C2121367611006A8544 /* Debug */,
				4D167C2221367611006A8544 /* Release */,
			);
			defaultConfigurationIsVisible = 0;
			defaultConfigurationName = Release;
		};
		4D167C2321367611006A8544 /* Build configuration list for PBXNativeTarget "GGSlotMachine" */ = {
			isa = XCConfigurationList;
			buildConfigurations = (
				4D167C2421367611006A8544 /* Debug */,
				4D167C2521367611006A8544 /* Release */,
			);
			defaultConfigurationIsVisible = 0;
			defaultConfigurationName = Release;
		};
/* End XCConfigurationList section */
	};
	rootObject = 4D167C0521367610006A8544 /* Project object */;
}
